
Microsoft Visual Studio Solution File, Format Version 12.00
# Visual Studio 14
VisualStudioVersion = 14.0.23107.0
MinimumVisualStudioVersion = 10.0.40219.1
Project("{2150E333-8FDC-42A3-9474-1A3956D46DE8}") = "Engine", "Engine", "{0BF78AFF-D764-4BB8-B836-46A0BD3683D3}"
EndProject
Project("{2150E333-8FDC-42A3-9474-1A3956D46DE8}") = "Game", "Game", "{565747BD-5968-42A0-9E60-04F2DD59360B}"
EndProject
Project("{2150E333-8FDC-42A3-9474-1A3956D46DE8}") = "Tools", "Tools", "{8A4EB499-6B1C-42E7-A336-D944D7878726}"
EndProject
Project("{2150E333-8FDC-42A3-9474-1A3956D46DE8}") = "External", "External", "{A9A3E13C-2722-41DA-B36E-3B31632FB641}"
EndProject
Project("{8BC9CEB8-8B4A-11D0-8D11-00A0C91BC942}") = "AssetBuilder", "Code\Tools\AssetBuilder\AssetBuilder.vcxproj", "{ABF804FE-993A-43E2-A242-F3090A290B12}"
	ProjectSection(ProjectDependencies) = postProject
		{5F8004A7-75AD-49AC-85C7-96D9B9F19533} = {5F8004A7-75AD-49AC-85C7-96D9B9F19533}
		{D76FAEE2-0B67-493B-B494-2C5FB20AA14C} = {D76FAEE2-0B67-493B-B494-2C5FB20AA14C}
		{45CDCFF0-7F57-457F-9706-C3C15E7EA597} = {45CDCFF0-7F57-457F-9706-C3C15E7EA597}
	EndProjectSection
EndProject
Project("{8BC9CEB8-8B4A-11D0-8D11-00A0C91BC942}") = "BuildAssets", "Code\Game\BuildAssets\BuildAssets.vcxproj", "{3670C64E-AAA0-4056-BF89-744D0276F609}"
	ProjectSection(ProjectDependencies) = postProject
		{84C1B326-C4D6-49D2-848F-1381647851ED} = {84C1B326-C4D6-49D2-848F-1381647851ED}
		{E3C0994F-3F8F-4BF4-A84B-3FFB577E15C9} = {E3C0994F-3F8F-4BF4-A84B-3FFB577E15C9}
		{EC809270-CE46-4204-A0F7-F88A6A4732E9} = {EC809270-CE46-4204-A0F7-F88A6A4732E9}
		{C9BDAC7C-C59A-4367-A21D-0FEDABB93012} = {C9BDAC7C-C59A-4367-A21D-0FEDABB93012}
		{DE18299E-57DD-420A-9219-31BCCE5A5BC0} = {DE18299E-57DD-420A-9219-31BCCE5A5BC0}
		{B91F1AA4-D5F2-45BE-8538-84EA710BE682} = {B91F1AA4-D5F2-45BE-8538-84EA710BE682}
		{ABF804FE-993A-43E2-A242-F3090A290B12} = {ABF804FE-993A-43E2-A242-F3090A290B12}
	EndProjectSection
EndProject
Project("{8BC9CEB8-8B4A-11D0-8D11-00A0C91BC942}") = "Game", "Code\Game\Game\Game.vcxproj", "{433FF686-9527-4C97-8EF4-060152A428B5}"
	ProjectSection(ProjectDependencies) = postProject
		{5ECBD472-027A-4A6F-8F13-B3AEDEF05B36} = {5ECBD472-027A-4A6F-8F13-B3AEDEF05B36}
		{5657829E-D16C-44A5-89F4-7FE780F76DB1} = {5657829E-D16C-44A5-89F4-7FE780F76DB1}
	EndProjectSection
EndProject
Project("{8BC9CEB8-8B4A-11D0-8D11-00A0C91BC942}") = "Graphics", "Code\Engine\Graphics\Graphics.vcxproj", "{5657829E-D16C-44A5-89F4-7FE780F76DB1}"
	ProjectSection(ProjectDependencies) = postProject
		{642ED541-80DD-4C08-B969-3D051CE45B89} = {642ED541-80DD-4C08-B969-3D051CE45B89}
		{31741745-C5FE-474F-A1FA-7A44CF261A12} = {31741745-C5FE-474F-A1FA-7A44CF261A12}
		{61FB8978-8500-400E-8B88-C62DE2430C92} = {61FB8978-8500-400E-8B88-C62DE2430C92}
		{B6BC0082-C4EF-4B54-9247-6C5FF414FF2A} = {B6BC0082-C4EF-4B54-9247-6C5FF414FF2A}
		{B4A350CC-01A3-4B59-A51A-64FD47EB0FFF} = {B4A350CC-01A3-4B59-A51A-64FD47EB0FFF}
		{93BC70CF-377D-4E19-9BEC-8ACF76FBCBD9} = {93BC70CF-377D-4E19-9BEC-8ACF76FBCBD9}
		{D76FAEE2-0B67-493B-B494-2C5FB20AA14C} = {D76FAEE2-0B67-493B-B494-2C5FB20AA14C}
	EndProjectSection
EndProject
Project("{8BC9CEB8-8B4A-11D0-8D11-00A0C91BC942}") = "Windows", "Code\Engine\Windows\Windows.vcxproj", "{D76FAEE2-0B67-493B-B494-2C5FB20AA14C}"
EndProject
Project("{8BC9CEB8-8B4A-11D0-8D11-00A0C91BC942}") = "OpenGlExtensions", "Code\External\OpenGlExtensions\OpenGlExtensions.vcxproj", "{B6BC0082-C4EF-4B54-9247-6C5FF414FF2A}"
	ProjectSection(ProjectDependencies) = postProject
		{D76FAEE2-0B67-493B-B494-2C5FB20AA14C} = {D76FAEE2-0B67-493B-B494-2C5FB20AA14C}
	EndProjectSection
EndProject
Project("{8BC9CEB8-8B4A-11D0-8D11-00A0C91BC942}") = "UserOutput", "Code\Engine\UserOutput\UserOutput.vcxproj", "{642ED541-80DD-4C08-B969-3D051CE45B89}"
EndProject
Project("{8BC9CEB8-8B4A-11D0-8D11-00A0C91BC942}") = "Lua", "Code\External\Lua\Lua.vcxproj", "{45CDCFF0-7F57-457F-9706-C3C15E7EA597}"
EndProject
Project("{8BC9CEB8-8B4A-11D0-8D11-00A0C91BC942}") = "LuaC", "Code\External\Lua\LuaC.vcxproj", "{393119AF-5F33-4130-9BE8-8A59EEBED07E}"
	ProjectSection(ProjectDependencies) = postProject
		{45CDCFF0-7F57-457F-9706-C3C15E7EA597} = {45CDCFF0-7F57-457F-9706-C3C15E7EA597}
	EndProjectSection
EndProject
Project("{8BC9CEB8-8B4A-11D0-8D11-00A0C91BC942}") = "LuaExe", "Code\External\Lua\LuaExe.vcxproj", "{9653A255-0309-403F-9193-DE569343011F}"
	ProjectSection(ProjectDependencies) = postProject
		{45CDCFF0-7F57-457F-9706-C3C15E7EA597} = {45CDCFF0-7F57-457F-9706-C3C15E7EA597}
	EndProjectSection
EndProject
Project("{2150E333-8FDC-42A3-9474-1A3956D46DE8}") = "Scripts", "Scripts", "{10EECFC1-1295-4886-B43E-671D21C317DE}"
	ProjectSection(SolutionItems) = preProject
		Scripts\AssetsToBuild.lua = Scripts\AssetsToBuild.lua
		Scripts\BuildAssets.lua = Scripts\BuildAssets.lua
	EndProjectSection
EndProject
Project("{2150E333-8FDC-42A3-9474-1A3956D46DE8}") = "Shaders", "Shaders", "{C1F2A688-8401-49C5-AD32-9D7360854332}"
	ProjectSection(SolutionItems) = preProject
		Assets\Shaders\shaders.common = Assets\Shaders\shaders.common
		Assets\Shaders\standard.fshd = Assets\Shaders\standard.fshd
		Assets\Shaders\standard.vshd = Assets\Shaders\standard.vshd
		Assets\Shaders\transparent.fshd = Assets\Shaders\transparent.fshd
	EndProjectSection
EndProject
Project("{8BC9CEB8-8B4A-11D0-8D11-00A0C91BC942}") = "Memory", "Code\Engine\Memory\Memory.vcxproj", "{E1EA931F-AAD1-4981-860F-0B9F9C6D30E1}"
	ProjectSection(ProjectDependencies) = postProject
		{642ED541-80DD-4C08-B969-3D051CE45B89} = {642ED541-80DD-4C08-B969-3D051CE45B89}
		{31741745-C5FE-474F-A1FA-7A44CF261A12} = {31741745-C5FE-474F-A1FA-7A44CF261A12}
	EndProjectSection
EndProject
Project("{8BC9CEB8-8B4A-11D0-8D11-00A0C91BC942}") = "Engine", "Code\Engine\Engine\Engine.vcxproj", "{5ECBD472-027A-4A6F-8F13-B3AEDEF05B36}"
	ProjectSection(ProjectDependencies) = postProject
		{5B4C5807-F5DF-461C-B630-968DC423C1B0} = {5B4C5807-F5DF-461C-B630-968DC423C1B0}
		{E1EA931F-AAD1-4981-860F-0B9F9C6D30E1} = {E1EA931F-AAD1-4981-860F-0B9F9C6D30E1}
		{5657829E-D16C-44A5-89F4-7FE780F76DB1} = {5657829E-D16C-44A5-89F4-7FE780F76DB1}
		{2E835EDF-F361-4019-95D5-8EE938232F88} = {2E835EDF-F361-4019-95D5-8EE938232F88}
	EndProjectSection
EndProject
Project("{8BC9CEB8-8B4A-11D0-8D11-00A0C91BC942}") = "Containers", "Code\Engine\Containers\Containers.vcxproj", "{5CAAFF2D-A16E-4868-B81B-B66E7D745618}"
EndProject
Project("{8BC9CEB8-8B4A-11D0-8D11-00A0C91BC942}") = "General", "Code\Engine\General\General.vcxproj", "{31741745-C5FE-474F-A1FA-7A44CF261A12}"
	ProjectSection(ProjectDependencies) = postProject
		{642ED541-80DD-4C08-B969-3D051CE45B89} = {642ED541-80DD-4C08-B969-3D051CE45B89}
	EndProjectSection
EndProject
Project("{8BC9CEB8-8B4A-11D0-8D11-00A0C91BC942}") = "CollisionDetection", "Code\Engine\CollisionDetection\CollisionDetection.vcxproj", "{5B4C5807-F5DF-461C-B630-968DC423C1B0}"
	ProjectSection(ProjectDependencies) = postProject
		{93BC70CF-377D-4E19-9BEC-8ACF76FBCBD9} = {93BC70CF-377D-4E19-9BEC-8ACF76FBCBD9}
	EndProjectSection
EndProject
Project("{8BC9CEB8-8B4A-11D0-8D11-00A0C91BC942}") = "Core", "Code\Engine\Core\Core.vcxproj", "{2E835EDF-F361-4019-95D5-8EE938232F88}"
	ProjectSection(ProjectDependencies) = postProject
		{C564180D-039B-43B1-AB27-F1730081C2E5} = {C564180D-039B-43B1-AB27-F1730081C2E5}
		{EF347137-45A5-4E8D-BD0D-26B524C31E30} = {EF347137-45A5-4E8D-BD0D-26B524C31E30}
		{2DECF439-EA07-49C6-879A-164EC470631F} = {2DECF439-EA07-49C6-879A-164EC470631F}
		{31741745-C5FE-474F-A1FA-7A44CF261A12} = {31741745-C5FE-474F-A1FA-7A44CF261A12}
		{552B2876-037A-4A14-8E5B-D73907DF5322} = {552B2876-037A-4A14-8E5B-D73907DF5322}
		{5657829E-D16C-44A5-89F4-7FE780F76DB1} = {5657829E-D16C-44A5-89F4-7FE780F76DB1}
		{B4A350CC-01A3-4B59-A51A-64FD47EB0FFF} = {B4A350CC-01A3-4B59-A51A-64FD47EB0FFF}
	EndProjectSection
EndProject
Project("{8BC9CEB8-8B4A-11D0-8D11-00A0C91BC942}") = "Math", "Code\Engine\Math\Math.vcxproj", "{B4A350CC-01A3-4B59-A51A-64FD47EB0FFF}"
	ProjectSection(ProjectDependencies) = postProject
		{642ED541-80DD-4C08-B969-3D051CE45B89} = {642ED541-80DD-4C08-B969-3D051CE45B89}
	EndProjectSection
EndProject
Project("{8BC9CEB8-8B4A-11D0-8D11-00A0C91BC942}") = "GenericBuilder", "Code\Tools\GenericBuilder\GenericBuilder.vcxproj", "{C9BDAC7C-C59A-4367-A21D-0FEDABB93012}"
	ProjectSection(ProjectDependencies) = postProject
		{5F8004A7-75AD-49AC-85C7-96D9B9F19533} = {5F8004A7-75AD-49AC-85C7-96D9B9F19533}
		{D76FAEE2-0B67-493B-B494-2C5FB20AA14C} = {D76FAEE2-0B67-493B-B494-2C5FB20AA14C}
	EndProjectSection
EndProject
Project("{8BC9CEB8-8B4A-11D0-8D11-00A0C91BC942}") = "BuilderHelper", "Code\Tools\BuilderHelper\BuilderHelper.vcxproj", "{5F8004A7-75AD-49AC-85C7-96D9B9F19533}"
	ProjectSection(ProjectDependencies) = postProject
		{642ED541-80DD-4C08-B969-3D051CE45B89} = {642ED541-80DD-4C08-B969-3D051CE45B89}
		{D76FAEE2-0B67-493B-B494-2C5FB20AA14C} = {D76FAEE2-0B67-493B-B494-2C5FB20AA14C}
	EndProjectSection
EndProject
Project("{8BC9CEB8-8B4A-11D0-8D11-00A0C91BC942}") = "MeshBuilder", "Code\Tools\MeshBuilder\MeshBuilder.vcxproj", "{84C1B326-C4D6-49D2-848F-1381647851ED}"
	ProjectSection(ProjectDependencies) = postProject
		{5F8004A7-75AD-49AC-85C7-96D9B9F19533} = {5F8004A7-75AD-49AC-85C7-96D9B9F19533}
		{D76FAEE2-0B67-493B-B494-2C5FB20AA14C} = {D76FAEE2-0B67-493B-B494-2C5FB20AA14C}
		{45CDCFF0-7F57-457F-9706-C3C15E7EA597} = {45CDCFF0-7F57-457F-9706-C3C15E7EA597}
	EndProjectSection
EndProject
Project("{8BC9CEB8-8B4A-11D0-8D11-00A0C91BC942}") = "UserInput", "Code\Engine\UserInput\UserInput.vcxproj", "{552B2876-037A-4A14-8E5B-D73907DF5322}"
EndProject
Project("{8BC9CEB8-8B4A-11D0-8D11-00A0C91BC942}") = "Time", "Code\Engine\Time\Time.vcxproj", "{136761E4-C684-4AFF-BF27-E946FCF006A1}"
	ProjectSection(ProjectDependencies) = postProject
		{D76FAEE2-0B67-493B-B494-2C5FB20AA14C} = {D76FAEE2-0B67-493B-B494-2C5FB20AA14C}
	EndProjectSection
EndProject
Project("{2150E333-8FDC-42A3-9474-1A3956D46DE8}") = "Assists", "Assists", "{A8F4DA77-7C61-4092-B903-0359EB0FC9F5}"
EndProject
Project("{8BC9CEB8-8B4A-11D0-8D11-00A0C91BC942}") = "Common", "Code\Engine\Common\Common.vcxproj", "{C564180D-039B-43B1-AB27-F1730081C2E5}"
EndProject
Project("{8BC9CEB8-8B4A-11D0-8D11-00A0C91BC942}") = "Mcpp", "Code\External\Mcpp\Mcpp.vcxproj", "{4228BC52-904F-4BA2-B78E-7BCB85068A82}"
EndProject
Project("{8BC9CEB8-8B4A-11D0-8D11-00A0C91BC942}") = "ShaderBuilder", "Code\Tools\ShaderBuilder\ShaderBuilder.vcxproj", "{EC809270-CE46-4204-A0F7-F88A6A4732E9}"
	ProjectSection(ProjectDependencies) = postProject
		{4228BC52-904F-4BA2-B78E-7BCB85068A82} = {4228BC52-904F-4BA2-B78E-7BCB85068A82}
		{5F8004A7-75AD-49AC-85C7-96D9B9F19533} = {5F8004A7-75AD-49AC-85C7-96D9B9F19533}
		{D76FAEE2-0B67-493B-B494-2C5FB20AA14C} = {D76FAEE2-0B67-493B-B494-2C5FB20AA14C}
	EndProjectSection
EndProject
Project("{2150E333-8FDC-42A3-9474-1A3956D46DE8}") = "ShaderEffects", "ShaderEffects", "{9BD3271F-E7F9-45BA-8B38-CD2011C386ED}"
	ProjectSection(SolutionItems) = preProject
		Assets\Effects\standard.effect = Assets\Effects\standard.effect
		Assets\Effects\transparent.effect = Assets\Effects\transparent.effect
	EndProjectSection
EndProject
Project("{8BC9CEB8-8B4A-11D0-8D11-00A0C91BC942}") = "EffectBuilder", "Code\Tools\EffectBuilder\EffectBuilder.vcxproj", "{E3C0994F-3F8F-4BF4-A84B-3FFB577E15C9}"
	ProjectSection(ProjectDependencies) = postProject
		{5F8004A7-75AD-49AC-85C7-96D9B9F19533} = {5F8004A7-75AD-49AC-85C7-96D9B9F19533}
		{D76FAEE2-0B67-493B-B494-2C5FB20AA14C} = {D76FAEE2-0B67-493B-B494-2C5FB20AA14C}
		{45CDCFF0-7F57-457F-9706-C3C15E7EA597} = {45CDCFF0-7F57-457F-9706-C3C15E7EA597}
	EndProjectSection
EndProject
Project("{8BC9CEB8-8B4A-11D0-8D11-00A0C91BC942}") = "Controller", "Code\Engine\Controller\Controller.vcxproj", "{2DECF439-EA07-49C6-879A-164EC470631F}"
	ProjectSection(ProjectDependencies) = postProject
		{552B2876-037A-4A14-8E5B-D73907DF5322} = {552B2876-037A-4A14-8E5B-D73907DF5322}
		{136761E4-C684-4AFF-BF27-E946FCF006A1} = {136761E4-C684-4AFF-BF27-E946FCF006A1}
	EndProjectSection
EndProject
Project("{8BC9CEB8-8B4A-11D0-8D11-00A0C91BC942}") = "MayaMeshExporter", "Code\Tools\MayaMeshExporter\MayaMeshExporter.vcxproj", "{70B81970-5665-4429-B2B2-7F6FCED5AB84}"
EndProject
Project("{8BC9CEB8-8B4A-11D0-8D11-00A0C91BC942}") = "MaterialBuilder", "Code\Tools\MaterialBuilder\MaterialBuilder.vcxproj", "{B91F1AA4-D5F2-45BE-8538-84EA710BE682}"
	ProjectSection(ProjectDependencies) = postProject
		{5F8004A7-75AD-49AC-85C7-96D9B9F19533} = {5F8004A7-75AD-49AC-85C7-96D9B9F19533}
		{D76FAEE2-0B67-493B-B494-2C5FB20AA14C} = {D76FAEE2-0B67-493B-B494-2C5FB20AA14C}
		{45CDCFF0-7F57-457F-9706-C3C15E7EA597} = {45CDCFF0-7F57-457F-9706-C3C15E7EA597}
	EndProjectSection
EndProject
Project("{8BC9CEB8-8B4A-11D0-8D11-00A0C91BC942}") = "TextureBuilder", "Code\Tools\TextureBuilder\TextureBuilder.vcxproj", "{DE18299E-57DD-420A-9219-31BCCE5A5BC0}"
	ProjectSection(ProjectDependencies) = postProject
		{5F8004A7-75AD-49AC-85C7-96D9B9F19533} = {5F8004A7-75AD-49AC-85C7-96D9B9F19533}
	EndProjectSection
EndProject
Project("{8BC9CEB8-8B4A-11D0-8D11-00A0C91BC942}") = "DebugShape", "Code\Engine\DebugShape\DebugShape.vcxproj", "{61FB8978-8500-400E-8B88-C62DE2430C92}"
	ProjectSection(ProjectDependencies) = postProject
		{B4A350CC-01A3-4B59-A51A-64FD47EB0FFF} = {B4A350CC-01A3-4B59-A51A-64FD47EB0FFF}
	EndProjectSection
EndProject
Project("{8BC9CEB8-8B4A-11D0-8D11-00A0C91BC942}") = "Mesh", "Code\Engine\Mesh\Mesh.vcxproj", "{93BC70CF-377D-4E19-9BEC-8ACF76FBCBD9}"
	ProjectSection(ProjectDependencies) = postProject
		{B4A350CC-01A3-4B59-A51A-64FD47EB0FFF} = {B4A350CC-01A3-4B59-A51A-64FD47EB0FFF}
		{D76FAEE2-0B67-493B-B494-2C5FB20AA14C} = {D76FAEE2-0B67-493B-B494-2C5FB20AA14C}
	EndProjectSection
EndProject
Project("{8BC9CEB8-8B4A-11D0-8D11-00A0C91BC942}") = "MayaOctreeExporter", "Code\Tools\MayaOctreeExporter\MayaOctreeExporter.vcxproj", "{1C7AC0A9-89BC-4D6D-965B-01B08DC3C877}"
	ProjectSection(ProjectDependencies) = postProject
		{EF347137-45A5-4E8D-BD0D-26B524C31E30} = {EF347137-45A5-4E8D-BD0D-26B524C31E30}
		{5F8004A7-75AD-49AC-85C7-96D9B9F19533} = {5F8004A7-75AD-49AC-85C7-96D9B9F19533}
	EndProjectSection
EndProject
Project("{8BC9CEB8-8B4A-11D0-8D11-00A0C91BC942}") = "SpatialPartition", "Code\Engine\SpatialPartition\SpatialPartition.vcxproj", "{EF347137-45A5-4E8D-BD0D-26B524C31E30}"
	ProjectSection(ProjectDependencies) = postProject
		{5B4C5807-F5DF-461C-B630-968DC423C1B0} = {5B4C5807-F5DF-461C-B630-968DC423C1B0}
		{31741745-C5FE-474F-A1FA-7A44CF261A12} = {31741745-C5FE-474F-A1FA-7A44CF261A12}
		{93BC70CF-377D-4E19-9BEC-8ACF76FBCBD9} = {93BC70CF-377D-4E19-9BEC-8ACF76FBCBD9}
	EndProjectSection
EndProject
Global
	GlobalSection(SolutionConfigurationPlatforms) = preSolution
		Debug|Direct3D9_64 = Debug|Direct3D9_64
		Debug|OpenGL_32 = Debug|OpenGL_32
		Debug|x64 = Debug|x64
		Debug|x86 = Debug|x86
		Release|Direct3D9_64 = Release|Direct3D9_64
		Release|OpenGL_32 = Release|OpenGL_32
		Release|x64 = Release|x64
		Release|x86 = Release|x86
	EndGlobalSection
	GlobalSection(ProjectConfigurationPlatforms) = postSolution
		{ABF804FE-993A-43E2-A242-F3090A290B12}.Debug|Direct3D9_64.ActiveCfg = Debug|x64
		{ABF804FE-993A-43E2-A242-F3090A290B12}.Debug|Direct3D9_64.Build.0 = Debug|x64
		{ABF804FE-993A-43E2-A242-F3090A290B12}.Debug|OpenGL_32.ActiveCfg = Debug|Win32
		{ABF804FE-993A-43E2-A242-F3090A290B12}.Debug|OpenGL_32.Build.0 = Debug|Win32
		{ABF804FE-993A-43E2-A242-F3090A290B12}.Debug|x64.ActiveCfg = Debug|x64
		{ABF804FE-993A-43E2-A242-F3090A290B12}.Debug|x64.Build.0 = Debug|x64
		{ABF804FE-993A-43E2-A242-F3090A290B12}.Debug|x86.ActiveCfg = Debug|Win32
		{ABF804FE-993A-43E2-A242-F3090A290B12}.Debug|x86.Build.0 = Debug|Win32
		{ABF804FE-993A-43E2-A242-F3090A290B12}.Release|Direct3D9_64.ActiveCfg = Release|x64
		{ABF804FE-993A-43E2-A242-F3090A290B12}.Release|Direct3D9_64.Build.0 = Release|x64
		{ABF804FE-993A-43E2-A242-F3090A290B12}.Release|OpenGL_32.ActiveCfg = Release|Win32
		{ABF804FE-993A-43E2-A242-F3090A290B12}.Release|OpenGL_32.Build.0 = Release|Win32
		{ABF804FE-993A-43E2-A242-F3090A290B12}.Release|x64.ActiveCfg = Release|x64
		{ABF804FE-993A-43E2-A242-F3090A290B12}.Release|x64.Build.0 = Release|x64
		{ABF804FE-993A-43E2-A242-F3090A290B12}.Release|x86.ActiveCfg = Release|Win32
		{ABF804FE-993A-43E2-A242-F3090A290B12}.Release|x86.Build.0 = Release|Win32
		{3670C64E-AAA0-4056-BF89-744D0276F609}.Debug|Direct3D9_64.ActiveCfg = Debug|x64
		{3670C64E-AAA0-4056-BF89-744D0276F609}.Debug|Direct3D9_64.Build.0 = Debug|x64
		{3670C64E-AAA0-4056-BF89-744D0276F609}.Debug|OpenGL_32.ActiveCfg = Debug|Win32
		{3670C64E-AAA0-4056-BF89-744D0276F609}.Debug|OpenGL_32.Build.0 = Debug|Win32
		{3670C64E-AAA0-4056-BF89-744D0276F609}.Debug|x64.ActiveCfg = Debug|x64
		{3670C64E-AAA0-4056-BF89-744D0276F609}.Debug|x64.Build.0 = Debug|x64
		{3670C64E-AAA0-4056-BF89-744D0276F609}.Debug|x86.ActiveCfg = Debug|Win32
		{3670C64E-AAA0-4056-BF89-744D0276F609}.Debug|x86.Build.0 = Debug|Win32
		{3670C64E-AAA0-4056-BF89-744D0276F609}.Release|Direct3D9_64.ActiveCfg = Release|x64
		{3670C64E-AAA0-4056-BF89-744D0276F609}.Release|Direct3D9_64.Build.0 = Release|x64
		{3670C64E-AAA0-4056-BF89-744D0276F609}.Release|OpenGL_32.ActiveCfg = Release|Win32
		{3670C64E-AAA0-4056-BF89-744D0276F609}.Release|OpenGL_32.Build.0 = Release|Win32
		{3670C64E-AAA0-4056-BF89-744D0276F609}.Release|x64.ActiveCfg = Release|x64
		{3670C64E-AAA0-4056-BF89-744D0276F609}.Release|x64.Build.0 = Release|x64
		{3670C64E-AAA0-4056-BF89-744D0276F609}.Release|x86.ActiveCfg = Release|Win32
		{3670C64E-AAA0-4056-BF89-744D0276F609}.Release|x86.Build.0 = Release|Win32
		{433FF686-9527-4C97-8EF4-060152A428B5}.Debug|Direct3D9_64.ActiveCfg = Debug|x64
		{433FF686-9527-4C97-8EF4-060152A428B5}.Debug|Direct3D9_64.Build.0 = Debug|x64
		{433FF686-9527-4C97-8EF4-060152A428B5}.Debug|OpenGL_32.ActiveCfg = Debug|Win32
		{433FF686-9527-4C97-8EF4-060152A428B5}.Debug|OpenGL_32.Build.0 = Debug|Win32
		{433FF686-9527-4C97-8EF4-060152A428B5}.Debug|x64.ActiveCfg = Debug|x64
		{433FF686-9527-4C97-8EF4-060152A428B5}.Debug|x64.Build.0 = Debug|x64
		{433FF686-9527-4C97-8EF4-060152A428B5}.Debug|x86.ActiveCfg = Debug|Win32
		{433FF686-9527-4C97-8EF4-060152A428B5}.Debug|x86.Build.0 = Debug|Win32
		{433FF686-9527-4C97-8EF4-060152A428B5}.Release|Direct3D9_64.ActiveCfg = Release|x64
		{433FF686-9527-4C97-8EF4-060152A428B5}.Release|Direct3D9_64.Build.0 = Release|x64
		{433FF686-9527-4C97-8EF4-060152A428B5}.Release|OpenGL_32.ActiveCfg = Release|Win32
		{433FF686-9527-4C97-8EF4-060152A428B5}.Release|OpenGL_32.Build.0 = Release|Win32
		{433FF686-9527-4C97-8EF4-060152A428B5}.Release|x64.ActiveCfg = Release|x64
		{433FF686-9527-4C97-8EF4-060152A428B5}.Release|x64.Build.0 = Release|x64
		{433FF686-9527-4C97-8EF4-060152A428B5}.Release|x86.ActiveCfg = Release|Win32
		{433FF686-9527-4C97-8EF4-060152A428B5}.Release|x86.Build.0 = Release|Win32
		{5657829E-D16C-44A5-89F4-7FE780F76DB1}.Debug|Direct3D9_64.ActiveCfg = Debug|x64
		{5657829E-D16C-44A5-89F4-7FE780F76DB1}.Debug|Direct3D9_64.Build.0 = Debug|x64
		{5657829E-D16C-44A5-89F4-7FE780F76DB1}.Debug|OpenGL_32.ActiveCfg = Debug|Win32
		{5657829E-D16C-44A5-89F4-7FE780F76DB1}.Debug|OpenGL_32.Build.0 = Debug|Win32
		{5657829E-D16C-44A5-89F4-7FE780F76DB1}.Debug|x64.ActiveCfg = Debug|x64
		{5657829E-D16C-44A5-89F4-7FE780F76DB1}.Debug|x64.Build.0 = Debug|x64
		{5657829E-D16C-44A5-89F4-7FE780F76DB1}.Debug|x86.ActiveCfg = Debug|Win32
		{5657829E-D16C-44A5-89F4-7FE780F76DB1}.Debug|x86.Build.0 = Debug|Win32
		{5657829E-D16C-44A5-89F4-7FE780F76DB1}.Release|Direct3D9_64.ActiveCfg = Release|x64
		{5657829E-D16C-44A5-89F4-7FE780F76DB1}.Release|Direct3D9_64.Build.0 = Release|x64
		{5657829E-D16C-44A5-89F4-7FE780F76DB1}.Release|OpenGL_32.ActiveCfg = Release|Win32
		{5657829E-D16C-44A5-89F4-7FE780F76DB1}.Release|OpenGL_32.Build.0 = Release|Win32
		{5657829E-D16C-44A5-89F4-7FE780F76DB1}.Release|x64.ActiveCfg = Release|x64
		{5657829E-D16C-44A5-89F4-7FE780F76DB1}.Release|x64.Build.0 = Release|x64
		{5657829E-D16C-44A5-89F4-7FE780F76DB1}.Release|x86.ActiveCfg = Release|Win32
		{5657829E-D16C-44A5-89F4-7FE780F76DB1}.Release|x86.Build.0 = Release|Win32
		{D76FAEE2-0B67-493B-B494-2C5FB20AA14C}.Debug|Direct3D9_64.ActiveCfg = Debug|x64
		{D76FAEE2-0B67-493B-B494-2C5FB20AA14C}.Debug|Direct3D9_64.Build.0 = Debug|x64
		{D76FAEE2-0B67-493B-B494-2C5FB20AA14C}.Debug|OpenGL_32.ActiveCfg = Debug|Win32
		{D76FAEE2-0B67-493B-B494-2C5FB20AA14C}.Debug|OpenGL_32.Build.0 = Debug|Win32
		{D76FAEE2-0B67-493B-B494-2C5FB20AA14C}.Debug|x64.ActiveCfg = Debug|x64
		{D76FAEE2-0B67-493B-B494-2C5FB20AA14C}.Debug|x64.Build.0 = Debug|x64
		{D76FAEE2-0B67-493B-B494-2C5FB20AA14C}.Debug|x86.ActiveCfg = Debug|Win32
		{D76FAEE2-0B67-493B-B494-2C5FB20AA14C}.Debug|x86.Build.0 = Debug|Win32
		{D76FAEE2-0B67-493B-B494-2C5FB20AA14C}.Release|Direct3D9_64.ActiveCfg = Release|x64
		{D76FAEE2-0B67-493B-B494-2C5FB20AA14C}.Release|Direct3D9_64.Build.0 = Release|x64
		{D76FAEE2-0B67-493B-B494-2C5FB20AA14C}.Release|OpenGL_32.ActiveCfg = Release|Win32
		{D76FAEE2-0B67-493B-B494-2C5FB20AA14C}.Release|OpenGL_32.Build.0 = Release|Win32
		{D76FAEE2-0B67-493B-B494-2C5FB20AA14C}.Release|x64.ActiveCfg = Release|x64
		{D76FAEE2-0B67-493B-B494-2C5FB20AA14C}.Release|x64.Build.0 = Release|x64
		{D76FAEE2-0B67-493B-B494-2C5FB20AA14C}.Release|x86.ActiveCfg = Release|Win32
		{D76FAEE2-0B67-493B-B494-2C5FB20AA14C}.Release|x86.Build.0 = Release|Win32
		{B6BC0082-C4EF-4B54-9247-6C5FF414FF2A}.Debug|Direct3D9_64.ActiveCfg = Debug|x64
		{B6BC0082-C4EF-4B54-9247-6C5FF414FF2A}.Debug|OpenGL_32.ActiveCfg = Debug|Win32
		{B6BC0082-C4EF-4B54-9247-6C5FF414FF2A}.Debug|OpenGL_32.Build.0 = Debug|Win32
		{B6BC0082-C4EF-4B54-9247-6C5FF414FF2A}.Debug|x64.ActiveCfg = Debug|x64
		{B6BC0082-C4EF-4B54-9247-6C5FF414FF2A}.Debug|x64.Build.0 = Debug|x64
		{B6BC0082-C4EF-4B54-9247-6C5FF414FF2A}.Debug|x86.ActiveCfg = Debug|Win32
		{B6BC0082-C4EF-4B54-9247-6C5FF414FF2A}.Debug|x86.Build.0 = Debug|Win32
		{B6BC0082-C4EF-4B54-9247-6C5FF414FF2A}.Release|Direct3D9_64.ActiveCfg = Release|x64
		{B6BC0082-C4EF-4B54-9247-6C5FF414FF2A}.Release|OpenGL_32.ActiveCfg = Release|Win32
		{B6BC0082-C4EF-4B54-9247-6C5FF414FF2A}.Release|OpenGL_32.Build.0 = Release|Win32
		{B6BC0082-C4EF-4B54-9247-6C5FF414FF2A}.Release|x64.ActiveCfg = Release|x64
		{B6BC0082-C4EF-4B54-9247-6C5FF414FF2A}.Release|x64.Build.0 = Release|x64
		{B6BC0082-C4EF-4B54-9247-6C5FF414FF2A}.Release|x86.ActiveCfg = Release|Win32
		{B6BC0082-C4EF-4B54-9247-6C5FF414FF2A}.Release|x86.Build.0 = Release|Win32
		{642ED541-80DD-4C08-B969-3D051CE45B89}.Debug|Direct3D9_64.ActiveCfg = Debug|x64
		{642ED541-80DD-4C08-B969-3D051CE45B89}.Debug|Direct3D9_64.Build.0 = Debug|x64
		{642ED541-80DD-4C08-B969-3D051CE45B89}.Debug|OpenGL_32.ActiveCfg = Debug|Win32
		{642ED541-80DD-4C08-B969-3D051CE45B89}.Debug|OpenGL_32.Build.0 = Debug|Win32
		{642ED541-80DD-4C08-B969-3D051CE45B89}.Debug|x64.ActiveCfg = Debug|x64
		{642ED541-80DD-4C08-B969-3D051CE45B89}.Debug|x64.Build.0 = Debug|x64
		{642ED541-80DD-4C08-B969-3D051CE45B89}.Debug|x86.ActiveCfg = Debug|Win32
		{642ED541-80DD-4C08-B969-3D051CE45B89}.Debug|x86.Build.0 = Debug|Win32
		{642ED541-80DD-4C08-B969-3D051CE45B89}.Release|Direct3D9_64.ActiveCfg = Release|x64
		{642ED541-80DD-4C08-B969-3D051CE45B89}.Release|Direct3D9_64.Build.0 = Release|x64
		{642ED541-80DD-4C08-B969-3D051CE45B89}.Release|OpenGL_32.ActiveCfg = Release|Win32
		{642ED541-80DD-4C08-B969-3D051CE45B89}.Release|OpenGL_32.Build.0 = Release|Win32
		{642ED541-80DD-4C08-B969-3D051CE45B89}.Release|x64.ActiveCfg = Release|x64
		{642ED541-80DD-4C08-B969-3D051CE45B89}.Release|x64.Build.0 = Release|x64
		{642ED541-80DD-4C08-B969-3D051CE45B89}.Release|x86.ActiveCfg = Release|Win32
		{642ED541-80DD-4C08-B969-3D051CE45B89}.Release|x86.Build.0 = Release|Win32
		{45CDCFF0-7F57-457F-9706-C3C15E7EA597}.Debug|Direct3D9_64.ActiveCfg = Debug|x64
		{45CDCFF0-7F57-457F-9706-C3C15E7EA597}.Debug|Direct3D9_64.Build.0 = Debug|x64
		{45CDCFF0-7F57-457F-9706-C3C15E7EA597}.Debug|OpenGL_32.ActiveCfg = Debug|Win32
		{45CDCFF0-7F57-457F-9706-C3C15E7EA597}.Debug|OpenGL_32.Build.0 = Debug|Win32
		{45CDCFF0-7F57-457F-9706-C3C15E7EA597}.Debug|x64.ActiveCfg = Debug|x64
		{45CDCFF0-7F57-457F-9706-C3C15E7EA597}.Debug|x64.Build.0 = Debug|x64
		{45CDCFF0-7F57-457F-9706-C3C15E7EA597}.Debug|x86.ActiveCfg = Debug|Win32
		{45CDCFF0-7F57-457F-9706-C3C15E7EA597}.Debug|x86.Build.0 = Debug|Win32
		{45CDCFF0-7F57-457F-9706-C3C15E7EA597}.Release|Direct3D9_64.ActiveCfg = Release|x64
		{45CDCFF0-7F57-457F-9706-C3C15E7EA597}.Release|Direct3D9_64.Build.0 = Release|x64
		{45CDCFF0-7F57-457F-9706-C3C15E7EA597}.Release|OpenGL_32.ActiveCfg = Release|Win32
		{45CDCFF0-7F57-457F-9706-C3C15E7EA597}.Release|OpenGL_32.Build.0 = Release|Win32
		{45CDCFF0-7F57-457F-9706-C3C15E7EA597}.Release|x64.ActiveCfg = Release|x64
		{45CDCFF0-7F57-457F-9706-C3C15E7EA597}.Release|x64.Build.0 = Release|x64
		{45CDCFF0-7F57-457F-9706-C3C15E7EA597}.Release|x86.ActiveCfg = Release|Win32
		{45CDCFF0-7F57-457F-9706-C3C15E7EA597}.Release|x86.Build.0 = Release|Win32
		{393119AF-5F33-4130-9BE8-8A59EEBED07E}.Debug|Direct3D9_64.ActiveCfg = Debug|x64
		{393119AF-5F33-4130-9BE8-8A59EEBED07E}.Debug|Direct3D9_64.Build.0 = Debug|x64
		{393119AF-5F33-4130-9BE8-8A59EEBED07E}.Debug|OpenGL_32.ActiveCfg = Debug|Win32
		{393119AF-5F33-4130-9BE8-8A59EEBED07E}.Debug|OpenGL_32.Build.0 = Debug|Win32
		{393119AF-5F33-4130-9BE8-8A59EEBED07E}.Debug|x64.ActiveCfg = Debug|x64
		{393119AF-5F33-4130-9BE8-8A59EEBED07E}.Debug|x64.Build.0 = Debug|x64
		{393119AF-5F33-4130-9BE8-8A59EEBED07E}.Debug|x86.ActiveCfg = Debug|Win32
		{393119AF-5F33-4130-9BE8-8A59EEBED07E}.Debug|x86.Build.0 = Debug|Win32
		{393119AF-5F33-4130-9BE8-8A59EEBED07E}.Release|Direct3D9_64.ActiveCfg = Release|x64
		{393119AF-5F33-4130-9BE8-8A59EEBED07E}.Release|Direct3D9_64.Build.0 = Release|x64
		{393119AF-5F33-4130-9BE8-8A59EEBED07E}.Release|OpenGL_32.ActiveCfg = Release|Win32
		{393119AF-5F33-4130-9BE8-8A59EEBED07E}.Release|OpenGL_32.Build.0 = Release|Win32
		{393119AF-5F33-4130-9BE8-8A59EEBED07E}.Release|x64.ActiveCfg = Release|x64
		{393119AF-5F33-4130-9BE8-8A59EEBED07E}.Release|x64.Build.0 = Release|x64
		{393119AF-5F33-4130-9BE8-8A59EEBED07E}.Release|x86.ActiveCfg = Release|Win32
		{393119AF-5F33-4130-9BE8-8A59EEBED07E}.Release|x86.Build.0 = Release|Win32
		{9653A255-0309-403F-9193-DE569343011F}.Debug|Direct3D9_64.ActiveCfg = Debug|x64
		{9653A255-0309-403F-9193-DE569343011F}.Debug|Direct3D9_64.Build.0 = Debug|x64
		{9653A255-0309-403F-9193-DE569343011F}.Debug|OpenGL_32.ActiveCfg = Debug|Win32
		{9653A255-0309-403F-9193-DE569343011F}.Debug|OpenGL_32.Build.0 = Debug|Win32
		{9653A255-0309-403F-9193-DE569343011F}.Debug|x64.ActiveCfg = Debug|x64
		{9653A255-0309-403F-9193-DE569343011F}.Debug|x64.Build.0 = Debug|x64
		{9653A255-0309-403F-9193-DE569343011F}.Debug|x86.ActiveCfg = Debug|Win32
		{9653A255-0309-403F-9193-DE569343011F}.Debug|x86.Build.0 = Debug|Win32
		{9653A255-0309-403F-9193-DE569343011F}.Release|Direct3D9_64.ActiveCfg = Release|x64
		{9653A255-0309-403F-9193-DE569343011F}.Release|Direct3D9_64.Build.0 = Release|x64
		{9653A255-0309-403F-9193-DE569343011F}.Release|OpenGL_32.ActiveCfg = Release|Win32
		{9653A255-0309-403F-9193-DE569343011F}.Release|OpenGL_32.Build.0 = Release|Win32
		{9653A255-0309-403F-9193-DE569343011F}.Release|x64.ActiveCfg = Release|x64
		{9653A255-0309-403F-9193-DE569343011F}.Release|x64.Build.0 = Release|x64
		{9653A255-0309-403F-9193-DE569343011F}.Release|x86.ActiveCfg = Release|Win32
		{9653A255-0309-403F-9193-DE569343011F}.Release|x86.Build.0 = Release|Win32
		{E1EA931F-AAD1-4981-860F-0B9F9C6D30E1}.Debug|Direct3D9_64.ActiveCfg = Debug|x64
		{E1EA931F-AAD1-4981-860F-0B9F9C6D30E1}.Debug|Direct3D9_64.Build.0 = Debug|x64
		{E1EA931F-AAD1-4981-860F-0B9F9C6D30E1}.Debug|OpenGL_32.ActiveCfg = Debug|Win32
		{E1EA931F-AAD1-4981-860F-0B9F9C6D30E1}.Debug|OpenGL_32.Build.0 = Debug|Win32
		{E1EA931F-AAD1-4981-860F-0B9F9C6D30E1}.Debug|x64.ActiveCfg = Debug|x64
		{E1EA931F-AAD1-4981-860F-0B9F9C6D30E1}.Debug|x64.Build.0 = Debug|x64
		{E1EA931F-AAD1-4981-860F-0B9F9C6D30E1}.Debug|x86.ActiveCfg = Debug|Win32
		{E1EA931F-AAD1-4981-860F-0B9F9C6D30E1}.Debug|x86.Build.0 = Debug|Win32
		{E1EA931F-AAD1-4981-860F-0B9F9C6D30E1}.Release|Direct3D9_64.ActiveCfg = Release|x64
		{E1EA931F-AAD1-4981-860F-0B9F9C6D30E1}.Release|Direct3D9_64.Build.0 = Release|x64
		{E1EA931F-AAD1-4981-860F-0B9F9C6D30E1}.Release|OpenGL_32.ActiveCfg = Release|Win32
		{E1EA931F-AAD1-4981-860F-0B9F9C6D30E1}.Release|OpenGL_32.Build.0 = Release|Win32
		{E1EA931F-AAD1-4981-860F-0B9F9C6D30E1}.Release|x64.ActiveCfg = Release|x64
		{E1EA931F-AAD1-4981-860F-0B9F9C6D30E1}.Release|x64.Build.0 = Release|x64
		{E1EA931F-AAD1-4981-860F-0B9F9C6D30E1}.Release|x86.ActiveCfg = Release|Win32
		{E1EA931F-AAD1-4981-860F-0B9F9C6D30E1}.Release|x86.Build.0 = Release|Win32
		{5ECBD472-027A-4A6F-8F13-B3AEDEF05B36}.Debug|Direct3D9_64.ActiveCfg = Debug|x64
		{5ECBD472-027A-4A6F-8F13-B3AEDEF05B36}.Debug|Direct3D9_64.Build.0 = Debug|x64
		{5ECBD472-027A-4A6F-8F13-B3AEDEF05B36}.Debug|OpenGL_32.ActiveCfg = Debug|Win32
		{5ECBD472-027A-4A6F-8F13-B3AEDEF05B36}.Debug|OpenGL_32.Build.0 = Debug|Win32
		{5ECBD472-027A-4A6F-8F13-B3AEDEF05B36}.Debug|x64.ActiveCfg = Debug|x64
		{5ECBD472-027A-4A6F-8F13-B3AEDEF05B36}.Debug|x64.Build.0 = Debug|x64
		{5ECBD472-027A-4A6F-8F13-B3AEDEF05B36}.Debug|x86.ActiveCfg = Debug|Win32
		{5ECBD472-027A-4A6F-8F13-B3AEDEF05B36}.Debug|x86.Build.0 = Debug|Win32
		{5ECBD472-027A-4A6F-8F13-B3AEDEF05B36}.Release|Direct3D9_64.ActiveCfg = Release|x64
		{5ECBD472-027A-4A6F-8F13-B3AEDEF05B36}.Release|Direct3D9_64.Build.0 = Release|x64
		{5ECBD472-027A-4A6F-8F13-B3AEDEF05B36}.Release|OpenGL_32.ActiveCfg = Release|Win32
		{5ECBD472-027A-4A6F-8F13-B3AEDEF05B36}.Release|OpenGL_32.Build.0 = Release|Win32
		{5ECBD472-027A-4A6F-8F13-B3AEDEF05B36}.Release|x64.ActiveCfg = Release|x64
		{5ECBD472-027A-4A6F-8F13-B3AEDEF05B36}.Release|x64.Build.0 = Release|x64
		{5ECBD472-027A-4A6F-8F13-B3AEDEF05B36}.Release|x86.ActiveCfg = Release|Win32
		{5ECBD472-027A-4A6F-8F13-B3AEDEF05B36}.Release|x86.Build.0 = Release|Win32
		{5CAAFF2D-A16E-4868-B81B-B66E7D745618}.Debug|Direct3D9_64.ActiveCfg = Debug|x64
		{5CAAFF2D-A16E-4868-B81B-B66E7D745618}.Debug|Direct3D9_64.Build.0 = Debug|x64
		{5CAAFF2D-A16E-4868-B81B-B66E7D745618}.Debug|OpenGL_32.ActiveCfg = Debug|Win32
		{5CAAFF2D-A16E-4868-B81B-B66E7D745618}.Debug|OpenGL_32.Build.0 = Debug|Win32
		{5CAAFF2D-A16E-4868-B81B-B66E7D745618}.Debug|x64.ActiveCfg = Debug|x64
		{5CAAFF2D-A16E-4868-B81B-B66E7D745618}.Debug|x64.Build.0 = Debug|x64
		{5CAAFF2D-A16E-4868-B81B-B66E7D745618}.Debug|x86.ActiveCfg = Debug|Win32
		{5CAAFF2D-A16E-4868-B81B-B66E7D745618}.Debug|x86.Build.0 = Debug|Win32
		{5CAAFF2D-A16E-4868-B81B-B66E7D745618}.Release|Direct3D9_64.ActiveCfg = Release|x64
		{5CAAFF2D-A16E-4868-B81B-B66E7D745618}.Release|Direct3D9_64.Build.0 = Release|x64
		{5CAAFF2D-A16E-4868-B81B-B66E7D745618}.Release|OpenGL_32.ActiveCfg = Release|Win32
		{5CAAFF2D-A16E-4868-B81B-B66E7D745618}.Release|OpenGL_32.Build.0 = Release|Win32
		{5CAAFF2D-A16E-4868-B81B-B66E7D745618}.Release|x64.ActiveCfg = Release|x64
		{5CAAFF2D-A16E-4868-B81B-B66E7D745618}.Release|x64.Build.0 = Release|x64
		{5CAAFF2D-A16E-4868-B81B-B66E7D745618}.Release|x86.ActiveCfg = Release|Win32
		{5CAAFF2D-A16E-4868-B81B-B66E7D745618}.Release|x86.Build.0 = Release|Win32
		{31741745-C5FE-474F-A1FA-7A44CF261A12}.Debug|Direct3D9_64.ActiveCfg = Debug|x64
		{31741745-C5FE-474F-A1FA-7A44CF261A12}.Debug|Direct3D9_64.Build.0 = Debug|x64
		{31741745-C5FE-474F-A1FA-7A44CF261A12}.Debug|OpenGL_32.ActiveCfg = Debug|Win32
		{31741745-C5FE-474F-A1FA-7A44CF261A12}.Debug|OpenGL_32.Build.0 = Debug|Win32
		{31741745-C5FE-474F-A1FA-7A44CF261A12}.Debug|x64.ActiveCfg = Debug|x64
		{31741745-C5FE-474F-A1FA-7A44CF261A12}.Debug|x64.Build.0 = Debug|x64
		{31741745-C5FE-474F-A1FA-7A44CF261A12}.Debug|x86.ActiveCfg = Debug|Win32
		{31741745-C5FE-474F-A1FA-7A44CF261A12}.Debug|x86.Build.0 = Debug|Win32
		{31741745-C5FE-474F-A1FA-7A44CF261A12}.Release|Direct3D9_64.ActiveCfg = Release|x64
		{31741745-C5FE-474F-A1FA-7A44CF261A12}.Release|Direct3D9_64.Build.0 = Release|x64
		{31741745-C5FE-474F-A1FA-7A44CF261A12}.Release|OpenGL_32.ActiveCfg = Release|Win32
		{31741745-C5FE-474F-A1FA-7A44CF261A12}.Release|OpenGL_32.Build.0 = Release|Win32
		{31741745-C5FE-474F-A1FA-7A44CF261A12}.Release|x64.ActiveCfg = Release|x64
		{31741745-C5FE-474F-A1FA-7A44CF261A12}.Release|x64.Build.0 = Release|x64
		{31741745-C5FE-474F-A1FA-7A44CF261A12}.Release|x86.ActiveCfg = Release|Win32
		{31741745-C5FE-474F-A1FA-7A44CF261A12}.Release|x86.Build.0 = Release|Win32
		{5B4C5807-F5DF-461C-B630-968DC423C1B0}.Debug|Direct3D9_64.ActiveCfg = Debug|x64
		{5B4C5807-F5DF-461C-B630-968DC423C1B0}.Debug|Direct3D9_64.Build.0 = Debug|x64
		{5B4C5807-F5DF-461C-B630-968DC423C1B0}.Debug|OpenGL_32.ActiveCfg = Debug|Win32
		{5B4C5807-F5DF-461C-B630-968DC423C1B0}.Debug|OpenGL_32.Build.0 = Debug|Win32
		{5B4C5807-F5DF-461C-B630-968DC423C1B0}.Debug|x64.ActiveCfg = Debug|x64
		{5B4C5807-F5DF-461C-B630-968DC423C1B0}.Debug|x64.Build.0 = Debug|x64
		{5B4C5807-F5DF-461C-B630-968DC423C1B0}.Debug|x86.ActiveCfg = Debug|Win32
		{5B4C5807-F5DF-461C-B630-968DC423C1B0}.Debug|x86.Build.0 = Debug|Win32
		{5B4C5807-F5DF-461C-B630-968DC423C1B0}.Release|Direct3D9_64.ActiveCfg = Release|x64
		{5B4C5807-F5DF-461C-B630-968DC423C1B0}.Release|Direct3D9_64.Build.0 = Release|x64
		{5B4C5807-F5DF-461C-B630-968DC423C1B0}.Release|OpenGL_32.ActiveCfg = Release|Win32
		{5B4C5807-F5DF-461C-B630-968DC423C1B0}.Release|OpenGL_32.Build.0 = Release|Win32
		{5B4C5807-F5DF-461C-B630-968DC423C1B0}.Release|x64.ActiveCfg = Release|x64
		{5B4C5807-F5DF-461C-B630-968DC423C1B0}.Release|x64.Build.0 = Release|x64
		{5B4C5807-F5DF-461C-B630-968DC423C1B0}.Release|x86.ActiveCfg = Release|Win32
		{5B4C5807-F5DF-461C-B630-968DC423C1B0}.Release|x86.Build.0 = Release|Win32
		{2E835EDF-F361-4019-95D5-8EE938232F88}.Debug|Direct3D9_64.ActiveCfg = Debug|x64
		{2E835EDF-F361-4019-95D5-8EE938232F88}.Debug|Direct3D9_64.Build.0 = Debug|x64
		{2E835EDF-F361-4019-95D5-8EE938232F88}.Debug|OpenGL_32.ActiveCfg = Debug|Win32
		{2E835EDF-F361-4019-95D5-8EE938232F88}.Debug|OpenGL_32.Build.0 = Debug|Win32
		{2E835EDF-F361-4019-95D5-8EE938232F88}.Debug|x64.ActiveCfg = Debug|x64
		{2E835EDF-F361-4019-95D5-8EE938232F88}.Debug|x64.Build.0 = Debug|x64
		{2E835EDF-F361-4019-95D5-8EE938232F88}.Debug|x86.ActiveCfg = Debug|Win32
		{2E835EDF-F361-4019-95D5-8EE938232F88}.Debug|x86.Build.0 = Debug|Win32
		{2E835EDF-F361-4019-95D5-8EE938232F88}.Release|Direct3D9_64.ActiveCfg = Release|x64
		{2E835EDF-F361-4019-95D5-8EE938232F88}.Release|Direct3D9_64.Build.0 = Release|x64
		{2E835EDF-F361-4019-95D5-8EE938232F88}.Release|OpenGL_32.ActiveCfg = Release|Win32
		{2E835EDF-F361-4019-95D5-8EE938232F88}.Release|OpenGL_32.Build.0 = Release|Win32
		{2E835EDF-F361-4019-95D5-8EE938232F88}.Release|x64.ActiveCfg = Release|x64
		{2E835EDF-F361-4019-95D5-8EE938232F88}.Release|x64.Build.0 = Release|x64
		{2E835EDF-F361-4019-95D5-8EE938232F88}.Release|x86.ActiveCfg = Release|Win32
		{2E835EDF-F361-4019-95D5-8EE938232F88}.Release|x86.Build.0 = Release|Win32
		{B4A350CC-01A3-4B59-A51A-64FD47EB0FFF}.Debug|Direct3D9_64.ActiveCfg = Debug|x64
		{B4A350CC-01A3-4B59-A51A-64FD47EB0FFF}.Debug|Direct3D9_64.Build.0 = Debug|x64
		{B4A350CC-01A3-4B59-A51A-64FD47EB0FFF}.Debug|OpenGL_32.ActiveCfg = Debug|Win32
		{B4A350CC-01A3-4B59-A51A-64FD47EB0FFF}.Debug|OpenGL_32.Build.0 = Debug|Win32
		{B4A350CC-01A3-4B59-A51A-64FD47EB0FFF}.Debug|x64.ActiveCfg = Debug|x64
		{B4A350CC-01A3-4B59-A51A-64FD47EB0FFF}.Debug|x64.Build.0 = Debug|x64
		{B4A350CC-01A3-4B59-A51A-64FD47EB0FFF}.Debug|x86.ActiveCfg = Debug|Win32
		{B4A350CC-01A3-4B59-A51A-64FD47EB0FFF}.Debug|x86.Build.0 = Debug|Win32
		{B4A350CC-01A3-4B59-A51A-64FD47EB0FFF}.Release|Direct3D9_64.ActiveCfg = Release|x64
		{B4A350CC-01A3-4B59-A51A-64FD47EB0FFF}.Release|Direct3D9_64.Build.0 = Release|x64
		{B4A350CC-01A3-4B59-A51A-64FD47EB0FFF}.Release|OpenGL_32.ActiveCfg = Release|Win32
		{B4A350CC-01A3-4B59-A51A-64FD47EB0FFF}.Release|OpenGL_32.Build.0 = Release|Win32
		{B4A350CC-01A3-4B59-A51A-64FD47EB0FFF}.Release|x64.ActiveCfg = Release|x64
		{B4A350CC-01A3-4B59-A51A-64FD47EB0FFF}.Release|x64.Build.0 = Release|x64
		{B4A350CC-01A3-4B59-A51A-64FD47EB0FFF}.Release|x86.ActiveCfg = Release|Win32
		{B4A350CC-01A3-4B59-A51A-64FD47EB0FFF}.Release|x86.Build.0 = Release|Win32
		{C9BDAC7C-C59A-4367-A21D-0FEDABB93012}.Debug|Direct3D9_64.ActiveCfg = Debug|x64
		{C9BDAC7C-C59A-4367-A21D-0FEDABB93012}.Debug|Direct3D9_64.Build.0 = Debug|x64
		{C9BDAC7C-C59A-4367-A21D-0FEDABB93012}.Debug|OpenGL_32.ActiveCfg = Debug|Win32
		{C9BDAC7C-C59A-4367-A21D-0FEDABB93012}.Debug|OpenGL_32.Build.0 = Debug|Win32
		{C9BDAC7C-C59A-4367-A21D-0FEDABB93012}.Debug|x64.ActiveCfg = Debug|x64
		{C9BDAC7C-C59A-4367-A21D-0FEDABB93012}.Debug|x64.Build.0 = Debug|x64
		{C9BDAC7C-C59A-4367-A21D-0FEDABB93012}.Debug|x86.ActiveCfg = Debug|Win32
		{C9BDAC7C-C59A-4367-A21D-0FEDABB93012}.Debug|x86.Build.0 = Debug|Win32
		{C9BDAC7C-C59A-4367-A21D-0FEDABB93012}.Release|Direct3D9_64.ActiveCfg = Release|x64
		{C9BDAC7C-C59A-4367-A21D-0FEDABB93012}.Release|Direct3D9_64.Build.0 = Release|x64
		{C9BDAC7C-C59A-4367-A21D-0FEDABB93012}.Release|OpenGL_32.ActiveCfg = Release|Win32
		{C9BDAC7C-C59A-4367-A21D-0FEDABB93012}.Release|OpenGL_32.Build.0 = Release|Win32
		{C9BDAC7C-C59A-4367-A21D-0FEDABB93012}.Release|x64.ActiveCfg = Release|x64
		{C9BDAC7C-C59A-4367-A21D-0FEDABB93012}.Release|x64.Build.0 = Release|x64
		{C9BDAC7C-C59A-4367-A21D-0FEDABB93012}.Release|x86.ActiveCfg = Release|Win32
		{C9BDAC7C-C59A-4367-A21D-0FEDABB93012}.Release|x86.Build.0 = Release|Win32
		{5F8004A7-75AD-49AC-85C7-96D9B9F19533}.Debug|Direct3D9_64.ActiveCfg = Debug|x64
		{5F8004A7-75AD-49AC-85C7-96D9B9F19533}.Debug|Direct3D9_64.Build.0 = Debug|x64
		{5F8004A7-75AD-49AC-85C7-96D9B9F19533}.Debug|OpenGL_32.ActiveCfg = Debug|Win32
		{5F8004A7-75AD-49AC-85C7-96D9B9F19533}.Debug|OpenGL_32.Build.0 = Debug|Win32
		{5F8004A7-75AD-49AC-85C7-96D9B9F19533}.Debug|x64.ActiveCfg = Debug|x64
		{5F8004A7-75AD-49AC-85C7-96D9B9F19533}.Debug|x64.Build.0 = Debug|x64
		{5F8004A7-75AD-49AC-85C7-96D9B9F19533}.Debug|x86.ActiveCfg = Debug|Win32
		{5F8004A7-75AD-49AC-85C7-96D9B9F19533}.Debug|x86.Build.0 = Debug|Win32
		{5F8004A7-75AD-49AC-85C7-96D9B9F19533}.Release|Direct3D9_64.ActiveCfg = Release|x64
		{5F8004A7-75AD-49AC-85C7-96D9B9F19533}.Release|Direct3D9_64.Build.0 = Release|x64
		{5F8004A7-75AD-49AC-85C7-96D9B9F19533}.Release|OpenGL_32.ActiveCfg = Release|Win32
		{5F8004A7-75AD-49AC-85C7-96D9B9F19533}.Release|OpenGL_32.Build.0 = Release|Win32
		{5F8004A7-75AD-49AC-85C7-96D9B9F19533}.Release|x64.ActiveCfg = Release|x64
		{5F8004A7-75AD-49AC-85C7-96D9B9F19533}.Release|x64.Build.0 = Release|x64
		{5F8004A7-75AD-49AC-85C7-96D9B9F19533}.Release|x86.ActiveCfg = Release|Win32
		{5F8004A7-75AD-49AC-85C7-96D9B9F19533}.Release|x86.Build.0 = Release|Win32
		{84C1B326-C4D6-49D2-848F-1381647851ED}.Debug|Direct3D9_64.ActiveCfg = Debug|x64
		{84C1B326-C4D6-49D2-848F-1381647851ED}.Debug|Direct3D9_64.Build.0 = Debug|x64
		{84C1B326-C4D6-49D2-848F-1381647851ED}.Debug|OpenGL_32.ActiveCfg = Debug|Win32
		{84C1B326-C4D6-49D2-848F-1381647851ED}.Debug|OpenGL_32.Build.0 = Debug|Win32
		{84C1B326-C4D6-49D2-848F-1381647851ED}.Debug|x64.ActiveCfg = Debug|x64
		{84C1B326-C4D6-49D2-848F-1381647851ED}.Debug|x64.Build.0 = Debug|x64
		{84C1B326-C4D6-49D2-848F-1381647851ED}.Debug|x86.ActiveCfg = Debug|Win32
		{84C1B326-C4D6-49D2-848F-1381647851ED}.Debug|x86.Build.0 = Debug|Win32
		{84C1B326-C4D6-49D2-848F-1381647851ED}.Release|Direct3D9_64.ActiveCfg = Release|x64
		{84C1B326-C4D6-49D2-848F-1381647851ED}.Release|Direct3D9_64.Build.0 = Release|x64
		{84C1B326-C4D6-49D2-848F-1381647851ED}.Release|OpenGL_32.ActiveCfg = Release|Win32
		{84C1B326-C4D6-49D2-848F-1381647851ED}.Release|OpenGL_32.Build.0 = Release|Win32
		{84C1B326-C4D6-49D2-848F-1381647851ED}.Release|x64.ActiveCfg = Release|x64
		{84C1B326-C4D6-49D2-848F-1381647851ED}.Release|x64.Build.0 = Release|x64
		{84C1B326-C4D6-49D2-848F-1381647851ED}.Release|x86.ActiveCfg = Release|Win32
		{84C1B326-C4D6-49D2-848F-1381647851ED}.Release|x86.Build.0 = Release|Win32
		{552B2876-037A-4A14-8E5B-D73907DF5322}.Debug|Direct3D9_64.ActiveCfg = Debug|x64
		{552B2876-037A-4A14-8E5B-D73907DF5322}.Debug|Direct3D9_64.Build.0 = Debug|x64
		{552B2876-037A-4A14-8E5B-D73907DF5322}.Debug|OpenGL_32.ActiveCfg = Debug|Win32
		{552B2876-037A-4A14-8E5B-D73907DF5322}.Debug|OpenGL_32.Build.0 = Debug|Win32
		{552B2876-037A-4A14-8E5B-D73907DF5322}.Debug|x64.ActiveCfg = Debug|x64
		{552B2876-037A-4A14-8E5B-D73907DF5322}.Debug|x64.Build.0 = Debug|x64
		{552B2876-037A-4A14-8E5B-D73907DF5322}.Debug|x86.ActiveCfg = Debug|Win32
		{552B2876-037A-4A14-8E5B-D73907DF5322}.Debug|x86.Build.0 = Debug|Win32
		{552B2876-037A-4A14-8E5B-D73907DF5322}.Release|Direct3D9_64.ActiveCfg = Release|x64
		{552B2876-037A-4A14-8E5B-D73907DF5322}.Release|Direct3D9_64.Build.0 = Release|x64
		{552B2876-037A-4A14-8E5B-D73907DF5322}.Release|OpenGL_32.ActiveCfg = Release|Win32
		{552B2876-037A-4A14-8E5B-D73907DF5322}.Release|OpenGL_32.Build.0 = Release|Win32
		{552B2876-037A-4A14-8E5B-D73907DF5322}.Release|x64.ActiveCfg = Release|x64
		{552B2876-037A-4A14-8E5B-D73907DF5322}.Release|x64.Build.0 = Release|x64
		{552B2876-037A-4A14-8E5B-D73907DF5322}.Release|x86.ActiveCfg = Release|Win32
		{552B2876-037A-4A14-8E5B-D73907DF5322}.Release|x86.Build.0 = Release|Win32
		{136761E4-C684-4AFF-BF27-E946FCF006A1}.Debug|Direct3D9_64.ActiveCfg = Debug|x64
		{136761E4-C684-4AFF-BF27-E946FCF006A1}.Debug|Direct3D9_64.Build.0 = Debug|x64
		{136761E4-C684-4AFF-BF27-E946FCF006A1}.Debug|OpenGL_32.ActiveCfg = Debug|Win32
		{136761E4-C684-4AFF-BF27-E946FCF006A1}.Debug|OpenGL_32.Build.0 = Debug|Win32
		{136761E4-C684-4AFF-BF27-E946FCF006A1}.Debug|x64.ActiveCfg = Debug|x64
		{136761E4-C684-4AFF-BF27-E946FCF006A1}.Debug|x64.Build.0 = Debug|x64
		{136761E4-C684-4AFF-BF27-E946FCF006A1}.Debug|x86.ActiveCfg = Debug|Win32
		{136761E4-C684-4AFF-BF27-E946FCF006A1}.Debug|x86.Build.0 = Debug|Win32
		{136761E4-C684-4AFF-BF27-E946FCF006A1}.Release|Direct3D9_64.ActiveCfg = Release|x64
		{136761E4-C684-4AFF-BF27-E946FCF006A1}.Release|Direct3D9_64.Build.0 = Release|x64
		{136761E4-C684-4AFF-BF27-E946FCF006A1}.Release|OpenGL_32.ActiveCfg = Release|Win32
		{136761E4-C684-4AFF-BF27-E946FCF006A1}.Release|OpenGL_32.Build.0 = Release|Win32
		{136761E4-C684-4AFF-BF27-E946FCF006A1}.Release|x64.ActiveCfg = Release|x64
		{136761E4-C684-4AFF-BF27-E946FCF006A1}.Release|x64.Build.0 = Release|x64
		{136761E4-C684-4AFF-BF27-E946FCF006A1}.Release|x86.ActiveCfg = Release|Win32
		{136761E4-C684-4AFF-BF27-E946FCF006A1}.Release|x86.Build.0 = Release|Win32
		{C564180D-039B-43B1-AB27-F1730081C2E5}.Debug|Direct3D9_64.ActiveCfg = Debug|x64
		{C564180D-039B-43B1-AB27-F1730081C2E5}.Debug|Direct3D9_64.Build.0 = Debug|x64
		{C564180D-039B-43B1-AB27-F1730081C2E5}.Debug|OpenGL_32.ActiveCfg = Debug|Win32
		{C564180D-039B-43B1-AB27-F1730081C2E5}.Debug|OpenGL_32.Build.0 = Debug|Win32
		{C564180D-039B-43B1-AB27-F1730081C2E5}.Debug|x64.ActiveCfg = Debug|x64
		{C564180D-039B-43B1-AB27-F1730081C2E5}.Debug|x64.Build.0 = Debug|x64
		{C564180D-039B-43B1-AB27-F1730081C2E5}.Debug|x86.ActiveCfg = Debug|Win32
		{C564180D-039B-43B1-AB27-F1730081C2E5}.Debug|x86.Build.0 = Debug|Win32
		{C564180D-039B-43B1-AB27-F1730081C2E5}.Release|Direct3D9_64.ActiveCfg = Release|x64
		{C564180D-039B-43B1-AB27-F1730081C2E5}.Release|Direct3D9_64.Build.0 = Release|x64
		{C564180D-039B-43B1-AB27-F1730081C2E5}.Release|OpenGL_32.ActiveCfg = Release|Win32
		{C564180D-039B-43B1-AB27-F1730081C2E5}.Release|OpenGL_32.Build.0 = Release|Win32
		{C564180D-039B-43B1-AB27-F1730081C2E5}.Release|x64.ActiveCfg = Release|x64
		{C564180D-039B-43B1-AB27-F1730081C2E5}.Release|x64.Build.0 = Release|x64
		{C564180D-039B-43B1-AB27-F1730081C2E5}.Release|x86.ActiveCfg = Release|Win32
		{C564180D-039B-43B1-AB27-F1730081C2E5}.Release|x86.Build.0 = Release|Win32
		{4228BC52-904F-4BA2-B78E-7BCB85068A82}.Debug|Direct3D9_64.ActiveCfg = Debug|x64
		{4228BC52-904F-4BA2-B78E-7BCB85068A82}.Debug|OpenGL_32.ActiveCfg = Debug|Win32
		{4228BC52-904F-4BA2-B78E-7BCB85068A82}.Debug|OpenGL_32.Build.0 = Debug|Win32
		{4228BC52-904F-4BA2-B78E-7BCB85068A82}.Debug|x64.ActiveCfg = Debug|x64
		{4228BC52-904F-4BA2-B78E-7BCB85068A82}.Debug|x64.Build.0 = Debug|x64
		{4228BC52-904F-4BA2-B78E-7BCB85068A82}.Debug|x86.ActiveCfg = Debug|Win32
		{4228BC52-904F-4BA2-B78E-7BCB85068A82}.Debug|x86.Build.0 = Debug|Win32
		{4228BC52-904F-4BA2-B78E-7BCB85068A82}.Release|Direct3D9_64.ActiveCfg = Release|x64
		{4228BC52-904F-4BA2-B78E-7BCB85068A82}.Release|OpenGL_32.ActiveCfg = Release|Win32
		{4228BC52-904F-4BA2-B78E-7BCB85068A82}.Release|OpenGL_32.Build.0 = Release|Win32
		{4228BC52-904F-4BA2-B78E-7BCB85068A82}.Release|x64.ActiveCfg = Release|x64
		{4228BC52-904F-4BA2-B78E-7BCB85068A82}.Release|x64.Build.0 = Release|x64
		{4228BC52-904F-4BA2-B78E-7BCB85068A82}.Release|x86.ActiveCfg = Release|Win32
		{4228BC52-904F-4BA2-B78E-7BCB85068A82}.Release|x86.Build.0 = Release|Win32
		{EC809270-CE46-4204-A0F7-F88A6A4732E9}.Debug|Direct3D9_64.ActiveCfg = Debug|x64
		{EC809270-CE46-4204-A0F7-F88A6A4732E9}.Debug|Direct3D9_64.Build.0 = Debug|x64
		{EC809270-CE46-4204-A0F7-F88A6A4732E9}.Debug|OpenGL_32.ActiveCfg = Debug|Win32
		{EC809270-CE46-4204-A0F7-F88A6A4732E9}.Debug|OpenGL_32.Build.0 = Debug|Win32
		{EC809270-CE46-4204-A0F7-F88A6A4732E9}.Debug|x64.ActiveCfg = Debug|x64
		{EC809270-CE46-4204-A0F7-F88A6A4732E9}.Debug|x64.Build.0 = Debug|x64
		{EC809270-CE46-4204-A0F7-F88A6A4732E9}.Debug|x86.ActiveCfg = Debug|Win32
		{EC809270-CE46-4204-A0F7-F88A6A4732E9}.Debug|x86.Build.0 = Debug|Win32
		{EC809270-CE46-4204-A0F7-F88A6A4732E9}.Release|Direct3D9_64.ActiveCfg = Release|x64
		{EC809270-CE46-4204-A0F7-F88A6A4732E9}.Release|Direct3D9_64.Build.0 = Release|x64
		{EC809270-CE46-4204-A0F7-F88A6A4732E9}.Release|OpenGL_32.ActiveCfg = Release|Win32
		{EC809270-CE46-4204-A0F7-F88A6A4732E9}.Release|OpenGL_32.Build.0 = Release|Win32
		{EC809270-CE46-4204-A0F7-F88A6A4732E9}.Release|x64.ActiveCfg = Release|x64
		{EC809270-CE46-4204-A0F7-F88A6A4732E9}.Release|x64.Build.0 = Release|x64
		{EC809270-CE46-4204-A0F7-F88A6A4732E9}.Release|x86.ActiveCfg = Release|Win32
		{EC809270-CE46-4204-A0F7-F88A6A4732E9}.Release|x86.Build.0 = Release|Win32
		{E3C0994F-3F8F-4BF4-A84B-3FFB577E15C9}.Debug|Direct3D9_64.ActiveCfg = Debug|x64
		{E3C0994F-3F8F-4BF4-A84B-3FFB577E15C9}.Debug|Direct3D9_64.Build.0 = Debug|x64
		{E3C0994F-3F8F-4BF4-A84B-3FFB577E15C9}.Debug|OpenGL_32.ActiveCfg = Debug|Win32
		{E3C0994F-3F8F-4BF4-A84B-3FFB577E15C9}.Debug|OpenGL_32.Build.0 = Debug|Win32
		{E3C0994F-3F8F-4BF4-A84B-3FFB577E15C9}.Debug|x64.ActiveCfg = Debug|x64
		{E3C0994F-3F8F-4BF4-A84B-3FFB577E15C9}.Debug|x64.Build.0 = Debug|x64
		{E3C0994F-3F8F-4BF4-A84B-3FFB577E15C9}.Debug|x86.ActiveCfg = Debug|Win32
		{E3C0994F-3F8F-4BF4-A84B-3FFB577E15C9}.Debug|x86.Build.0 = Debug|Win32
		{E3C0994F-3F8F-4BF4-A84B-3FFB577E15C9}.Release|Direct3D9_64.ActiveCfg = Release|x64
		{E3C0994F-3F8F-4BF4-A84B-3FFB577E15C9}.Release|Direct3D9_64.Build.0 = Release|x64
		{E3C0994F-3F8F-4BF4-A84B-3FFB577E15C9}.Release|OpenGL_32.ActiveCfg = Release|Win32
		{E3C0994F-3F8F-4BF4-A84B-3FFB577E15C9}.Release|OpenGL_32.Build.0 = Release|Win32
		{E3C0994F-3F8F-4BF4-A84B-3FFB577E15C9}.Release|x64.ActiveCfg = Release|x64
		{E3C0994F-3F8F-4BF4-A84B-3FFB577E15C9}.Release|x64.Build.0 = Release|x64
		{E3C0994F-3F8F-4BF4-A84B-3FFB577E15C9}.Release|x86.ActiveCfg = Release|Win32
		{E3C0994F-3F8F-4BF4-A84B-3FFB577E15C9}.Release|x86.Build.0 = Release|Win32
		{2DECF439-EA07-49C6-879A-164EC470631F}.Debug|Direct3D9_64.ActiveCfg = Debug|x64
		{2DECF439-EA07-49C6-879A-164EC470631F}.Debug|Direct3D9_64.Build.0 = Debug|x64
		{2DECF439-EA07-49C6-879A-164EC470631F}.Debug|OpenGL_32.ActiveCfg = Debug|Win32
		{2DECF439-EA07-49C6-879A-164EC470631F}.Debug|OpenGL_32.Build.0 = Debug|Win32
		{2DECF439-EA07-49C6-879A-164EC470631F}.Debug|x64.ActiveCfg = Debug|x64
		{2DECF439-EA07-49C6-879A-164EC470631F}.Debug|x64.Build.0 = Debug|x64
		{2DECF439-EA07-49C6-879A-164EC470631F}.Debug|x86.ActiveCfg = Debug|Win32
		{2DECF439-EA07-49C6-879A-164EC470631F}.Debug|x86.Build.0 = Debug|Win32
		{2DECF439-EA07-49C6-879A-164EC470631F}.Release|Direct3D9_64.ActiveCfg = Release|x64
		{2DECF439-EA07-49C6-879A-164EC470631F}.Release|Direct3D9_64.Build.0 = Release|x64
		{2DECF439-EA07-49C6-879A-164EC470631F}.Release|OpenGL_32.ActiveCfg = Release|Win32
		{2DECF439-EA07-49C6-879A-164EC470631F}.Release|OpenGL_32.Build.0 = Release|Win32
		{2DECF439-EA07-49C6-879A-164EC470631F}.Release|x64.ActiveCfg = Release|x64
		{2DECF439-EA07-49C6-879A-164EC470631F}.Release|x64.Build.0 = Release|x64
		{2DECF439-EA07-49C6-879A-164EC470631F}.Release|x86.ActiveCfg = Release|Win32
		{2DECF439-EA07-49C6-879A-164EC470631F}.Release|x86.Build.0 = Release|Win32
		{70B81970-5665-4429-B2B2-7F6FCED5AB84}.Debug|Direct3D9_64.ActiveCfg = Debug|x64
		{70B81970-5665-4429-B2B2-7F6FCED5AB84}.Debug|Direct3D9_64.Build.0 = Debug|x64
		{70B81970-5665-4429-B2B2-7F6FCED5AB84}.Debug|OpenGL_32.ActiveCfg = Debug|x64
		{70B81970-5665-4429-B2B2-7F6FCED5AB84}.Debug|OpenGL_32.Build.0 = Debug|x64
		{70B81970-5665-4429-B2B2-7F6FCED5AB84}.Debug|x64.ActiveCfg = Debug|x64
		{70B81970-5665-4429-B2B2-7F6FCED5AB84}.Debug|x64.Build.0 = Debug|x64
		{70B81970-5665-4429-B2B2-7F6FCED5AB84}.Debug|x86.ActiveCfg = Debug|Win32
		{70B81970-5665-4429-B2B2-7F6FCED5AB84}.Debug|x86.Build.0 = Debug|Win32
		{70B81970-5665-4429-B2B2-7F6FCED5AB84}.Release|Direct3D9_64.ActiveCfg = Release|x64
		{70B81970-5665-4429-B2B2-7F6FCED5AB84}.Release|Direct3D9_64.Build.0 = Release|x64
		{70B81970-5665-4429-B2B2-7F6FCED5AB84}.Release|OpenGL_32.ActiveCfg = Release|x64
		{70B81970-5665-4429-B2B2-7F6FCED5AB84}.Release|OpenGL_32.Build.0 = Release|x64
		{70B81970-5665-4429-B2B2-7F6FCED5AB84}.Release|x64.ActiveCfg = Release|x64
		{70B81970-5665-4429-B2B2-7F6FCED5AB84}.Release|x64.Build.0 = Release|x64
		{70B81970-5665-4429-B2B2-7F6FCED5AB84}.Release|x86.ActiveCfg = Release|Win32
		{70B81970-5665-4429-B2B2-7F6FCED5AB84}.Release|x86.Build.0 = Release|Win32
		{B91F1AA4-D5F2-45BE-8538-84EA710BE682}.Debug|Direct3D9_64.ActiveCfg = Debug|x64
		{B91F1AA4-D5F2-45BE-8538-84EA710BE682}.Debug|Direct3D9_64.Build.0 = Debug|x64
		{B91F1AA4-D5F2-45BE-8538-84EA710BE682}.Debug|OpenGL_32.ActiveCfg = Debug|Win32
		{B91F1AA4-D5F2-45BE-8538-84EA710BE682}.Debug|OpenGL_32.Build.0 = Debug|Win32
		{B91F1AA4-D5F2-45BE-8538-84EA710BE682}.Debug|x64.ActiveCfg = Debug|x64
		{B91F1AA4-D5F2-45BE-8538-84EA710BE682}.Debug|x64.Build.0 = Debug|x64
		{B91F1AA4-D5F2-45BE-8538-84EA710BE682}.Debug|x86.ActiveCfg = Debug|Win32
		{B91F1AA4-D5F2-45BE-8538-84EA710BE682}.Debug|x86.Build.0 = Debug|Win32
		{B91F1AA4-D5F2-45BE-8538-84EA710BE682}.Release|Direct3D9_64.ActiveCfg = Release|x64
		{B91F1AA4-D5F2-45BE-8538-84EA710BE682}.Release|Direct3D9_64.Build.0 = Release|x64
		{B91F1AA4-D5F2-45BE-8538-84EA710BE682}.Release|OpenGL_32.ActiveCfg = Release|Win32
		{B91F1AA4-D5F2-45BE-8538-84EA710BE682}.Release|OpenGL_32.Build.0 = Release|Win32
		{B91F1AA4-D5F2-45BE-8538-84EA710BE682}.Release|x64.ActiveCfg = Release|x64
		{B91F1AA4-D5F2-45BE-8538-84EA710BE682}.Release|x64.Build.0 = Release|x64
		{B91F1AA4-D5F2-45BE-8538-84EA710BE682}.Release|x86.ActiveCfg = Release|Win32
		{B91F1AA4-D5F2-45BE-8538-84EA710BE682}.Release|x86.Build.0 = Release|Win32
		{DE18299E-57DD-420A-9219-31BCCE5A5BC0}.Debug|Direct3D9_64.ActiveCfg = Debug|x64
		{DE18299E-57DD-420A-9219-31BCCE5A5BC0}.Debug|Direct3D9_64.Build.0 = Debug|x64
		{DE18299E-57DD-420A-9219-31BCCE5A5BC0}.Debug|OpenGL_32.ActiveCfg = Debug|Win32
		{DE18299E-57DD-420A-9219-31BCCE5A5BC0}.Debug|OpenGL_32.Build.0 = Debug|Win32
		{DE18299E-57DD-420A-9219-31BCCE5A5BC0}.Debug|x64.ActiveCfg = Debug|x64
		{DE18299E-57DD-420A-9219-31BCCE5A5BC0}.Debug|x64.Build.0 = Debug|x64
		{DE18299E-57DD-420A-9219-31BCCE5A5BC0}.Debug|x86.ActiveCfg = Debug|Win32
		{DE18299E-57DD-420A-9219-31BCCE5A5BC0}.Debug|x86.Build.0 = Debug|Win32
		{DE18299E-57DD-420A-9219-31BCCE5A5BC0}.Release|Direct3D9_64.ActiveCfg = Release|x64
		{DE18299E-57DD-420A-9219-31BCCE5A5BC0}.Release|Direct3D9_64.Build.0 = Release|x64
		{DE18299E-57DD-420A-9219-31BCCE5A5BC0}.Release|OpenGL_32.ActiveCfg = Release|Win32
		{DE18299E-57DD-420A-9219-31BCCE5A5BC0}.Release|OpenGL_32.Build.0 = Release|Win32
		{DE18299E-57DD-420A-9219-31BCCE5A5BC0}.Release|x64.ActiveCfg = Release|x64
		{DE18299E-57DD-420A-9219-31BCCE5A5BC0}.Release|x64.Build.0 = Release|x64
		{DE18299E-57DD-420A-9219-31BCCE5A5BC0}.Release|x86.ActiveCfg = Release|Win32
		{DE18299E-57DD-420A-9219-31BCCE5A5BC0}.Release|x86.Build.0 = Release|Win32
		{61FB8978-8500-400E-8B88-C62DE2430C92}.Debug|Direct3D9_64.ActiveCfg = Debug|x64
		{61FB8978-8500-400E-8B88-C62DE2430C92}.Debug|Direct3D9_64.Build.0 = Debug|x64
		{61FB8978-8500-400E-8B88-C62DE2430C92}.Debug|OpenGL_32.ActiveCfg = Debug|Win32
		{61FB8978-8500-400E-8B88-C62DE2430C92}.Debug|OpenGL_32.Build.0 = Debug|Win32
		{61FB8978-8500-400E-8B88-C62DE2430C92}.Debug|x64.ActiveCfg = Debug|x64
		{61FB8978-8500-400E-8B88-C62DE2430C92}.Debug|x64.Build.0 = Debug|x64
		{61FB8978-8500-400E-8B88-C62DE2430C92}.Debug|x86.ActiveCfg = Debug|Win32
		{61FB8978-8500-400E-8B88-C62DE2430C92}.Debug|x86.Build.0 = Debug|Win32
		{61FB8978-8500-400E-8B88-C62DE2430C92}.Release|Direct3D9_64.ActiveCfg = Release|x64
		{61FB8978-8500-400E-8B88-C62DE2430C92}.Release|Direct3D9_64.Build.0 = Release|x64
		{61FB8978-8500-400E-8B88-C62DE2430C92}.Release|OpenGL_32.ActiveCfg = Release|Win32
		{61FB8978-8500-400E-8B88-C62DE2430C92}.Release|OpenGL_32.Build.0 = Release|Win32
		{61FB8978-8500-400E-8B88-C62DE2430C92}.Release|x64.ActiveCfg = Release|x64
		{61FB8978-8500-400E-8B88-C62DE2430C92}.Release|x64.Build.0 = Release|x64
		{61FB8978-8500-400E-8B88-C62DE2430C92}.Release|x86.ActiveCfg = Release|Win32
		{61FB8978-8500-400E-8B88-C62DE2430C92}.Release|x86.Build.0 = Release|Win32
		{93BC70CF-377D-4E19-9BEC-8ACF76FBCBD9}.Debug|Direct3D9_64.ActiveCfg = Debug|x64
		{93BC70CF-377D-4E19-9BEC-8ACF76FBCBD9}.Debug|Direct3D9_64.Build.0 = Debug|x64
		{93BC70CF-377D-4E19-9BEC-8ACF76FBCBD9}.Debug|OpenGL_32.ActiveCfg = Debug|Win32
		{93BC70CF-377D-4E19-9BEC-8ACF76FBCBD9}.Debug|OpenGL_32.Build.0 = Debug|Win32
		{93BC70CF-377D-4E19-9BEC-8ACF76FBCBD9}.Debug|x64.ActiveCfg = Debug|x64
		{93BC70CF-377D-4E19-9BEC-8ACF76FBCBD9}.Debug|x64.Build.0 = Debug|x64
		{93BC70CF-377D-4E19-9BEC-8ACF76FBCBD9}.Debug|x86.ActiveCfg = Debug|Win32
		{93BC70CF-377D-4E19-9BEC-8ACF76FBCBD9}.Debug|x86.Build.0 = Debug|Win32
		{93BC70CF-377D-4E19-9BEC-8ACF76FBCBD9}.Release|Direct3D9_64.ActiveCfg = Release|x64
		{93BC70CF-377D-4E19-9BEC-8ACF76FBCBD9}.Release|Direct3D9_64.Build.0 = Release|x64
		{93BC70CF-377D-4E19-9BEC-8ACF76FBCBD9}.Release|OpenGL_32.ActiveCfg = Release|Win32
		{93BC70CF-377D-4E19-9BEC-8ACF76FBCBD9}.Release|OpenGL_32.Build.0 = Release|Win32
		{93BC70CF-377D-4E19-9BEC-8ACF76FBCBD9}.Release|x64.ActiveCfg = Release|x64
		{93BC70CF-377D-4E19-9BEC-8ACF76FBCBD9}.Release|x64.Build.0 = Release|x64
		{93BC70CF-377D-4E19-9BEC-8ACF76FBCBD9}.Release|x86.ActiveCfg = Release|Win32
		{93BC70CF-377D-4E19-9BEC-8ACF76FBCBD9}.Release|x86.Build.0 = Release|Win32
		{1C7AC0A9-89BC-4D6D-965B-01B08DC3C877}.Debug|Direct3D9_64.ActiveCfg = Debug|x64
		{1C7AC0A9-89BC-4D6D-965B-01B08DC3C877}.Debug|Direct3D9_64.Build.0 = Debug|x64
		{1C7AC0A9-89BC-4D6D-965B-01B08DC3C877}.Debug|OpenGL_32.ActiveCfg = Debug|x64
		{1C7AC0A9-89BC-4D6D-965B-01B08DC3C877}.Debug|OpenGL_32.Build.0 = Debug|x64
		{1C7AC0A9-89BC-4D6D-965B-01B08DC3C877}.Debug|x64.ActiveCfg = Debug|x64
		{1C7AC0A9-89BC-4D6D-965B-01B08DC3C877}.Debug|x64.Build.0 = Debug|x64
		{1C7AC0A9-89BC-4D6D-965B-01B08DC3C877}.Debug|x86.ActiveCfg = Debug|Win32
		{1C7AC0A9-89BC-4D6D-965B-01B08DC3C877}.Debug|x86.Build.0 = Debug|Win32
		{1C7AC0A9-89BC-4D6D-965B-01B08DC3C877}.Release|Direct3D9_64.ActiveCfg = Release|x64
		{1C7AC0A9-89BC-4D6D-965B-01B08DC3C877}.Release|Direct3D9_64.Build.0 = Release|x64
		{1C7AC0A9-89BC-4D6D-965B-01B08DC3C877}.Release|OpenGL_32.ActiveCfg = Release|x64
		{1C7AC0A9-89BC-4D6D-965B-01B08DC3C877}.Release|OpenGL_32.Build.0 = Release|x64
		{1C7AC0A9-89BC-4D6D-965B-01B08DC3C877}.Release|x64.ActiveCfg = Release|x64
		{1C7AC0A9-89BC-4D6D-965B-01B08DC3C877}.Release|x64.Build.0 = Release|x64
		{1C7AC0A9-89BC-4D6D-965B-01B08DC3C877}.Release|x86.ActiveCfg = Release|Win32
		{1C7AC0A9-89BC-4D6D-965B-01B08DC3C877}.Release|x86.Build.0 = Release|Win32
		{EF347137-45A5-4E8D-BD0D-26B524C31E30}.Debug|Direct3D9_64.ActiveCfg = Debug|x64
		{EF347137-45A5-4E8D-BD0D-26B524C31E30}.Debug|Direct3D9_64.Build.0 = Debug|x64
		{EF347137-45A5-4E8D-BD0D-26B524C31E30}.Debug|OpenGL_32.ActiveCfg = Debug|Win32
		{EF347137-45A5-4E8D-BD0D-26B524C31E30}.Debug|OpenGL_32.Build.0 = Debug|Win32
		{EF347137-45A5-4E8D-BD0D-26B524C31E30}.Debug|x64.ActiveCfg = Debug|x64
		{EF347137-45A5-4E8D-BD0D-26B524C31E30}.Debug|x64.Build.0 = Debug|x64
		{EF347137-45A5-4E8D-BD0D-26B524C31E30}.Debug|x86.ActiveCfg = Debug|Win32
		{EF347137-45A5-4E8D-BD0D-26B524C31E30}.Debug|x86.Build.0 = Debug|Win32
		{EF347137-45A5-4E8D-BD0D-26B524C31E30}.Release|Direct3D9_64.ActiveCfg = Release|x64
		{EF347137-45A5-4E8D-BD0D-26B524C31E30}.Release|Direct3D9_64.Build.0 = Release|x64
		{EF347137-45A5-4E8D-BD0D-26B524C31E30}.Release|OpenGL_32.ActiveCfg = Release|Win32
		{EF347137-45A5-4E8D-BD0D-26B524C31E30}.Release|OpenGL_32.Build.0 = Release|Win32
		{EF347137-45A5-4E8D-BD0D-26B524C31E30}.Release|x64.ActiveCfg = Release|x64
		{EF347137-45A5-4E8D-BD0D-26B524C31E30}.Release|x64.Build.0 = Release|x64
		{EF347137-45A5-4E8D-BD0D-26B524C31E30}.Release|x86.ActiveCfg = Release|Win32
		{EF347137-45A5-4E8D-BD0D-26B524C31E30}.Release|x86.Build.0 = Release|Win32
	EndGlobalSection
	GlobalSection(SolutionProperties) = preSolution
		HideSolutionNode = FALSE
	EndGlobalSection
	GlobalSection(NestedProjects) = preSolution
		{ABF804FE-993A-43E2-A242-F3090A290B12} = {8A4EB499-6B1C-42E7-A336-D944D7878726}
		{3670C64E-AAA0-4056-BF89-744D0276F609} = {565747BD-5968-42A0-9E60-04F2DD59360B}
		{433FF686-9527-4C97-8EF4-060152A428B5} = {565747BD-5968-42A0-9E60-04F2DD59360B}
		{5657829E-D16C-44A5-89F4-7FE780F76DB1} = {0BF78AFF-D764-4BB8-B836-46A0BD3683D3}
		{D76FAEE2-0B67-493B-B494-2C5FB20AA14C} = {A8F4DA77-7C61-4092-B903-0359EB0FC9F5}
		{B6BC0082-C4EF-4B54-9247-6C5FF414FF2A} = {A9A3E13C-2722-41DA-B36E-3B31632FB641}
		{642ED541-80DD-4C08-B969-3D051CE45B89} = {A8F4DA77-7C61-4092-B903-0359EB0FC9F5}
		{45CDCFF0-7F57-457F-9706-C3C15E7EA597} = {A9A3E13C-2722-41DA-B36E-3B31632FB641}
		{393119AF-5F33-4130-9BE8-8A59EEBED07E} = {A9A3E13C-2722-41DA-B36E-3B31632FB641}
		{9653A255-0309-403F-9193-DE569343011F} = {A9A3E13C-2722-41DA-B36E-3B31632FB641}
		{E1EA931F-AAD1-4981-860F-0B9F9C6D30E1} = {0BF78AFF-D764-4BB8-B836-46A0BD3683D3}
		{5ECBD472-027A-4A6F-8F13-B3AEDEF05B36} = {0BF78AFF-D764-4BB8-B836-46A0BD3683D3}
		{5CAAFF2D-A16E-4868-B81B-B66E7D745618} = {0BF78AFF-D764-4BB8-B836-46A0BD3683D3}
		{31741745-C5FE-474F-A1FA-7A44CF261A12} = {0BF78AFF-D764-4BB8-B836-46A0BD3683D3}
		{5B4C5807-F5DF-461C-B630-968DC423C1B0} = {0BF78AFF-D764-4BB8-B836-46A0BD3683D3}
		{2E835EDF-F361-4019-95D5-8EE938232F88} = {0BF78AFF-D764-4BB8-B836-46A0BD3683D3}
		{B4A350CC-01A3-4B59-A51A-64FD47EB0FFF} = {A8F4DA77-7C61-4092-B903-0359EB0FC9F5}
		{C9BDAC7C-C59A-4367-A21D-0FEDABB93012} = {8A4EB499-6B1C-42E7-A336-D944D7878726}
		{5F8004A7-75AD-49AC-85C7-96D9B9F19533} = {8A4EB499-6B1C-42E7-A336-D944D7878726}
		{84C1B326-C4D6-49D2-848F-1381647851ED} = {8A4EB499-6B1C-42E7-A336-D944D7878726}
		{552B2876-037A-4A14-8E5B-D73907DF5322} = {A8F4DA77-7C61-4092-B903-0359EB0FC9F5}
		{136761E4-C684-4AFF-BF27-E946FCF006A1} = {A8F4DA77-7C61-4092-B903-0359EB0FC9F5}
		{A8F4DA77-7C61-4092-B903-0359EB0FC9F5} = {0BF78AFF-D764-4BB8-B836-46A0BD3683D3}
		{C564180D-039B-43B1-AB27-F1730081C2E5} = {0BF78AFF-D764-4BB8-B836-46A0BD3683D3}
		{4228BC52-904F-4BA2-B78E-7BCB85068A82} = {A9A3E13C-2722-41DA-B36E-3B31632FB641}
		{EC809270-CE46-4204-A0F7-F88A6A4732E9} = {8A4EB499-6B1C-42E7-A336-D944D7878726}
		{E3C0994F-3F8F-4BF4-A84B-3FFB577E15C9} = {8A4EB499-6B1C-42E7-A336-D944D7878726}
		{2DECF439-EA07-49C6-879A-164EC470631F} = {0BF78AFF-D764-4BB8-B836-46A0BD3683D3}
		{70B81970-5665-4429-B2B2-7F6FCED5AB84} = {8A4EB499-6B1C-42E7-A336-D944D7878726}
		{B91F1AA4-D5F2-45BE-8538-84EA710BE682} = {8A4EB499-6B1C-42E7-A336-D944D7878726}
		{DE18299E-57DD-420A-9219-31BCCE5A5BC0} = {8A4EB499-6B1C-42E7-A336-D944D7878726}
		{61FB8978-8500-400E-8B88-C62DE2430C92} = {A8F4DA77-7C61-4092-B903-0359EB0FC9F5}
		{93BC70CF-377D-4E19-9BEC-8ACF76FBCBD9} = {0BF78AFF-D764-4BB8-B836-46A0BD3683D3}
		{1C7AC0A9-89BC-4D6D-965B-01B08DC3C877} = {8A4EB499-6B1C-42E7-A336-D944D7878726}
		{EF347137-45A5-4E8D-BD0D-26B524C31E30} = {0BF78AFF-D764-4BB8-B836-46A0BD3683D3}
	EndGlobalSection
EndGlobal
